# ChibiCreate — registro travado de modelos
#
# REGRA DURA: nenhum modelo entra na pipeline comercial sem uma entrada aqui
# com nome, repositorio, revisao, licenca, URL e data de verificacao.
#
# DOIS NIVEIS DE VERIFICACAO — nao confundir:
#
#   license.verified: true   licenca lida em FONTE PRIMARIA, revisao registrada
#   weights.verified: true   arquivo baixado e sha256 conferido
#
# Um modelo pode ter licenca verificada sem ter pesos baixados. Isso e normal.
# Para uso comercial exigimos license.verified. Para EXECUTAR exigimos tambem
# weights.verified.
#
# A pipeline NAO baixa modelos automaticamente (AGENTS.md §2).

schema_version: 2
last_reviewed: "2026-09-08"

models:

  qwen_image_edit_2511:
    role: identity_edit
    display_name: Qwen-Image-Edit-2511
    repo: Qwen/Qwen-Image-Edit-2511
    source_url: https://huggingface.co/Qwen/Qwen-Image-Edit-2511
    revision: null
    license:
      spdx: Apache-2.0
      commercial_use: allowed
      verified: false            # [TEST REQUIRED] ler card oficial
      verified_on: null
      source_url: null
      notes: >
        Licenca Apache 2.0 relatada em fontes secundarias; ainda NAO conferida
        no card oficial. Nao promover a verified sem essa checagem.
    weights:
      verified: false
      files: []
      sha256: null
    vram_notes: "Q4_0 ~11.9GB / Q4_K_M ~13.2GB / FP8 ~20.5GB / BF16 ~40.9GB"
    runs_on: cloud
    required_for_phase: 3

  qwen_image_controlnet_union:
    role: pose_control
    display_name: Qwen-Image-ControlNet-Union (InstantX)
    repo: InstantX/Qwen-Image-ControlNet-Union
    source_url: https://huggingface.co/InstantX/Qwen-Image-ControlNet-Union
    revision: b13036f066d6dee7c20513e263d3d673055e9de8
    revision_date: "2025-08-26T18:09:04Z"
    license:
      spdx: Apache-2.0
      commercial_use: allowed
      verified: true
      verified_on: "2026-09-08"
      technical_status: verified
      commercial_status: pending_human_review
      commercial_blocker: >
        Ressalva do "All copyright reserved" no README (ver caveat). Uso
        TECNICO liberado; uso COMERCIAL aguarda decisao humana registrada.
      source_url: https://huggingface.co/api/models/InstantX/Qwen-Image-ControlNet-Union
      evidence: >
        Metadados oficiais do repositorio HuggingFace (endpoint /api/models)
        na revisao b13036f0: cardData.license = "apache-2.0" e tag
        "license:apache-2.0". Card confirma os modos canny, soft edge, depth
        e pose. Modelo de 2B params, BF16.
      caveat: >
        ATENCAO: a secao "Acknowledgements" do README do mesmo repositorio diz
        "All copyright reserved", o que aparenta conflitar com a tag Apache-2.0
        declarada nos metadados. A licenca declarada formalmente prevalece para
        fins de registro, mas o conflito fica documentado. Se o uso comercial
        deste componente se tornar critico, confirmar com o InstantX Team.
        Ver LICENSES.md.
    weights:
      verified: false
      files:
        - diffusion_pytorch_model.safetensors
      sha256: null
      note: "Pesos nao baixados. Necessario apenas na FASE 5."
    params: 1768003584
    dtype: BF16
    runs_on: cloud
    required_for_phase: 5

  birefnet:
    role: background_removal
    display_name: BiRefNet (general)
    repo: ZhengPeng7/BiRefNet
    source_url: https://github.com/ZhengPeng7/BiRefNet
    weights_url: https://huggingface.co/ZhengPeng7/BiRefNet
    revision: e2bf8e4460fc8fa32bba5ea4d94b3233d367b0e4
    revision_date: "2026-02-04T22:43:55Z"
    code_revision: ebcc0bc8ec7fe919cec829f2dea656b3078acddc
    license:
      spdx: MIT
      commercial_use: allowed
      verified: true
      verified_on: "2026-09-08"
      technical_status: verified
      commercial_status: approved
      source_url: https://github.com/ZhengPeng7/BiRefNet/blob/main/LICENSE
      evidence: >
        Repositorio oficial GitHub ZhengPeng7/BiRefNet contem arquivo LICENSE
        MIT (commit 2713d1293ce8a923d5878f1f30177b78770bf24c, "Add the MIT
        LICENSE."). O repositorio de PESOS no HuggingFace
        (ZhengPeng7/BiRefNet, revisao e2bf8e44) declara cardData.license =
        "mit" e tag "license:mit". Codigo E pesos sob MIT — comercial livre.
      notes: >
        Paper: CAAI AIR'24, arXiv 2401.03407. Existem variantes (general, HR,
        portrait, matting); esta entrada cobre a "general". Registrar variante
        adicional como entrada propria se for adotada.
    weights:
      verified: false
      files:
        - model.safetensors
      sha256: null
      size_note: "~220M params (F16)"
      note: >
        Pesos nao baixados. Necessario na FASE 2 apenas se o isolamento
        automatico de fundo for exigido; o FLOW 01 opera sem ele quando a
        arte-fonte ja possui alpha.
    runs_on: local
    required_for_phase: 2

  real_esrgan_anime_6b:
    role: upscale
    display_name: RealESRGAN_x4plus_anime_6B
    repo: xinntao/Real-ESRGAN
    source_url: https://github.com/xinntao/Real-ESRGAN
    revision: null
    license:
      spdx: BSD-3-Clause
      commercial_use: allowed
      verified: false            # [TEST REQUIRED] conferir LICENSE no repo
      verified_on: null
      source_url: null
      notes: "Preferir checkpoint .safetensors; evitar PickleTensor."
    weights:
      verified: false
      files: []
      sha256: null
    runs_on: local
    required_for_phase: 3

# Modelos explicitamente REJEITADOS para dependencia comercial.
rejected:

  bria_rmbg_2_0:
    display_name: BRIA RMBG-2.0
    reason: >
      Pesos sob CC BY-NC 4.0. Producao exige contrato pago com a BRIA ou uso
      da API. Nao usar como dependencia padrao (spec §18).
    alternative: birefnet

  flux_dev_family:
    display_name: FLUX.1 [dev] / FLUX.2 [dev] / FLUX.2 [klein] 9B
    reason: "Licenca nao-comercial da Black Forest Labs; exige licenca paga."
    alternative: qwen_image_edit_2511

  noobai_xl:
    display_name: NoobAI-XL / Pony
    reason: "Model card adiciona proibicao explicita de comercializacao."
    alternative: qwen_image_edit_2511

  seedvr2:
    display_name: SeedVR2
    reason: "Licenca restringe uso comercial."
    alternative: real_esrgan_anime_6b

# Modelos em zona cinzenta — decisao JURIDICA pendente, nao tecnica.
flagged:

  illustrious_xl:
    display_name: Illustrious-XL 1.1
    issue: >
      FAIPL 1.0 / CreativeML Open RAIL. Diz que o output nao e coberto, mas
      proibe "monetizacao proprietaria closed-source". Interpretacoes conflitam.
    decision: pending_legal
    allowed_use: "prototipagem/exploracao de estilo apenas; NAO no build"
